// !$*UTF8*$!
{
	archiveVersion = 1;
	classes = {
	};
	objectVersion = 56;
	objects = {

/* Begin PBXBuildFile section */
		9E8082B22C2CBC62004C65DB /* AppDelegate.swift in Sources */ = {isa = PBXBuildFile; fileRef = 9E8082B12C2CBC62004C65DB /* AppDelegate.swift */; };
		9E8082B42C2CBC62004C65DB /* SceneDelegate.swift in Sources */ = {isa = PBXBuildFile; fileRef = 9E8082B32C2CBC62004C65DB /* SceneDelegate.swift */; };
		9E8082B62C2CBC62004C65DB /* ViewController.swift in Sources */ = {isa = PBXBuildFile; fileRef = 9E8082B52C2CBC62004C65DB /* ViewController.swift */; };
		9E8082B92C2CBC62004C65DB /* Base in Resources */ = {isa = PBXBuildFile; fileRef = 9E8082B82C2CBC62004C65DB /* Base */; };
		9E8082BB2C2CBC64004C65DB /* Assets.xcassets in Resources */ = {isa = PBXBuildFile; fileRef = 9E8082BA2C2CBC64004C65DB /* Assets.xcassets */; };
		9E8082BE2C2CBC64004C65DB /* Base in Resources */ = {isa = PBXBuildFile; fileRef = 9E8082BD2C2CBC64004C65DB /* Base */; };
		9E8082C72C2CBC7F004C65DB /* KeychainAccess in Frameworks */ = {isa = PBXBuildFile; productRef = 9E8082C62C2CBC7F004C65DB /* KeychainAccess */; };
		9E8082C92C2CBC9F004C65DB /* AuthViewModel.swift in Sources */ = {isa = PBXBuildFile; fileRef = 9E8082C82C2CBC9F004C65DB /* AuthViewModel.swift */; };
		9E8082CB2C2CBCC7004C65DB /* TokenResponse.swift in Sources */ = {isa = PBXBuildFile; fileRef = 9E8082CA2C2CBCC7004C65DB /* TokenResponse.swift */; };
		9E8082CF2C2CBD91004C65DB /* LoginViewController.swift in Sources */ = {isa = PBXBuildFile; fileRef = 9E8082CE2C2CBD91004C65DB /* LoginViewController.swift */; };
		9E8082D12C2CBDD2004C65DB /* MainViewController.swift in Sources */ = {isa = PBXBuildFile; fileRef = 9E8082D02C2CBDD2004C65DB /* MainViewController.swift */; };
/* End PBXBuildFile section */

/* Begin PBXFileReference section */
		9E8082AE2C2CBC62004C65DB /* LoginTest.app */ = {isa = PBXFileReference; explicitFileType = wrapper.application; includeInIndex = 0; path = LoginTest.app; sourceTree = BUILT_PRODUCTS_DIR; };
		9E8082B12C2CBC62004C65DB /* AppDelegate.swift */ = {isa = PBXFileReference; lastKnownFileType = sourcecode.swift; path = AppDelegate.swift; sourceTree = "<group>"; };
		9E8082B32C2CBC62004C65DB /* SceneDelegate.swift */ = {isa = PBXFileReference; lastKnownFileType = sourcecode.swift; path = SceneDelegate.swift; sourceTree = "<group>"; };
		9E8082B52C2CBC62004C65DB /* ViewController.swift */ = {isa = PBXFileReference; lastKnownFileType = sourcecode.swift; path = ViewController.swift; sourceTree = "<group>"; };
		9E8082B82C2CBC62004C65DB /* Base */ = {isa = PBXFileReference; lastKnownFileType = file.storyboard; name = Base; path = Base.lproj/Main.storyboard; sourceTree = "<group>"; };
		9E8082BA2C2CBC64004C65DB /* Assets.xcassets */ = {isa = PBXFileReference; lastKnownFileType = folder.assetcatalog; path = Assets.xcassets; sourceTree = "<group>"; };
		9E8082BD2C2CBC64004C65DB /* Base */ = {isa = PBXFileReference; lastKnownFileType = file.storyboard; name = Base; path = Base.lproj/LaunchScreen.storyboard; sourceTree = "<group>"; };
		9E8082BF2C2CBC64004C65DB /* Info.plist */ = {isa = PBXFileReference; lastKnownFileType = text.plist.xml; path = Info.plist; sourceTree = "<group>"; };
		9E8082C82C2CBC9F004C65DB /* AuthViewModel.swift */ = {isa = PBXFileReference; lastKnownFileType = sourcecode.swift; path = AuthViewModel.swift; sourceTree = "<group>"; };
		9E8082CA2C2CBCC7004C65DB /* TokenResponse.swift */ = {isa = PBXFileReference; lastKnownFileType = sourcecode.swift; path = TokenResponse.swift; sourceTree = "<group>"; };
		9E8082CE2C2CBD91004C65DB /* LoginViewController.swift */ = {isa = PBXFileReference; lastKnownFileType = sourcecode.swift; path = LoginViewController.swift; sourceTree = "<group>"; };
		9E8082D02C2CBDD2004C65DB /* MainViewController.swift */ = {isa = PBXFileReference; lastKnownFileType = sourcecode.swift; path = MainViewController.swift; sourceTree = "<group>"; };
/* End PBXFileReference section */

/* Begin PBXFrameworksBuildPhase section */
		9E8082AB2C2CBC62004C65DB /* Frameworks */ = {
			isa = PBXFrameworksBuildPhase;
			buildActionMask = 2147483647;
			files = (
				9E8082C72C2CBC7F004C65DB /* KeychainAccess in Frameworks */,
			);
			runOnlyForDeploymentPostprocessing = 0;
		};
/* End PBXFrameworksBuildPhase section */

/* Begin PBXGroup section */
		9E7D4E312C2D82FF003BDCAB /* Controllers */ = {
			isa = PBXGroup;
			children = (
				9E8082D02C2CBDD2004C65DB /* MainViewController.swift */,
				9E8082CE2C2CBD91004C65DB /* LoginViewController.swift */,
			);
			path = Controllers;
			sourceTree = "<group>";
		};
		9E7D4E322C2D832E003BDCAB /* ViewModels */ = {
			isa = PBXGroup;
			children = (
				9E8082C82C2CBC9F004C65DB /* AuthViewModel.swift */,
			);
			path = ViewModels;
			sourceTree = "<group>";
		};
		9E7D4E332C2D8353003BDCAB /* Models */ = {
			isa = PBXGroup;
			children = (
				9E8082CA2C2CBCC7004C65DB /* TokenResponse.swift */,
			);
			path = Models;
			sourceTree = "<group>";
		};
		9E7D4E342C2D837D003BDCAB /* SupportingFiles */ = {
			isa = PBXGroup;
			children = (
				9E8082BA2C2CBC64004C65DB /* Assets.xcassets */,
			);
			path = SupportingFiles;
			sourceTree = "<group>";
		};
		9E8082A52C2CBC62004C65DB = {
			isa = PBXGroup;
			children = (
				9E8082B02C2CBC62004C65DB /* LoginTest */,
				9E8082AF2C2CBC62004C65DB /* Products */,
			);
			sourceTree = "<group>";
		};
		9E8082AF2C2CBC62004C65DB /* Products */ = {
			isa = PBXGroup;
			children = (
				9E8082AE2C2CBC62004C65DB /* LoginTest.app */,
			);
			name = Products;
			sourceTree = "<group>";
		};
		9E8082B02C2CBC62004C65DB /* LoginTest */ = {
			isa = PBXGroup;
			children = (
				9E8082BF2C2CBC64004C65DB /* Info.plist */,
				9E7D4E342C2D837D003BDCAB /* SupportingFiles */,
				9E7D4E332C2D8353003BDCAB /* Models */,
				9E7D4E322C2D832E003BDCAB /* ViewModels */,
				9E7D4E312C2D82FF003BDCAB /* Controllers */,
				9E8082B12C2CBC62004C65DB /* AppDelegate.swift */,
				9E8082B32C2CBC62004C65DB /* SceneDelegate.swift */,
				9E8082B52C2CBC62004C65DB /* ViewController.swift */,
				9E8082B72C2CBC62004C65DB /* Main.storyboard */,
				9E8082BC2C2CBC64004C65DB /* LaunchScreen.storyboard */,
			);
			path = LoginTest;
			sourceTree = "<group>";
		};
/* End PBXGroup section */

/* Begin PBXNativeTarget section */
		9E8082AD2C2CBC62004C65DB /* LoginTest */ = {
			isa = PBXNativeTarget;
			buildConfigurationList = 9E8082C22C2CBC64004C65DB /* Build configuration list for PBXNativeTarget "LoginTest" */;
			buildPhases = (
				9E8082AA2C2CBC62004C65DB /* Sources */,
				9E8082AB2C2CBC62004C65DB /* Frameworks */,
				9E8082AC2C2CBC62004C65DB /* Resources */,
			);
			buildRules = (
			);
			dependencies = (
			);
			name = LoginTest;
			packageProductDependencies = (
				9E8082C62C2CBC7F004C65DB /* KeychainAccess */,
			);
			productName = LoginTest;
			productReference = 9E8082AE2C2CBC62004C65DB /* LoginTest.app */;
			productType = "com.apple.product-type.application";
		};
/* End PBXNativeTarget section */

/* Begin PBXProject section */
		9E8082A62C2CBC62004C65DB /* Project object */ = {
			isa = PBXProject;
			attributes = {
				BuildIndependentTargetsInParallel = 1;
				LastSwiftUpdateCheck = 1540;
				LastUpgradeCheck = 1540;
				TargetAttributes = {
					9E8082AD2C2CBC62004C65DB = {
						CreatedOnToolsVersion = 15.4;
					};
				};
			};
			buildConfigurationList = 9E8082A92C2CBC62004C65DB /* Build configuration list for PBXProject "LoginTest" */;
			compatibilityVersion = "Xcode 14.0";
			developmentRegion = en;
			hasScannedForEncodings = 0;
			knownRegions = (
				en,
				Base,
			);
			mainGroup = 9E8082A52C2CBC62004C65DB;
			packageReferences = (
				9E8082C52C2CBC7E004C65DB /* XCRemoteSwiftPackageReference "KeychainAccess" */,
			);
			productRefGroup = 9E8082AF2C2CBC62004C65DB /* Products */;
			projectDirPath = "";
			projectRoot = "";
			targets = (
				9E8082AD2C2CBC62004C65DB /* LoginTest */,
			);
		};
/* End PBXProject section */

/* Begin PBXResourcesBuildPhase section */
		9E8082AC2C2CBC62004C65DB /* Resources */ = {
			isa = PBXResourcesBuildPhase;
			buildActionMask = 2147483647;
			files = (
				9E8082BB2C2CBC64004C65DB /* Assets.xcassets in Resources */,
				9E8082BE2C2CBC64004C65DB /* Base in Resources */,
				9E8082B92C2CBC62004C65DB /* Base in Resources */,
			);
			runOnlyForDeploymentPostprocessing = 0;
		};
/* End PBXResourcesBuildPhase section */

/* Begin PBXSourcesBuildPhase section */
		9E8082AA2C2CBC62004C65DB /* Sources */ = {
			isa = PBXSourcesBuildPhase;
			buildActionMask = 2147483647;
			files = (
				9E8082D12C2CBDD2004C65DB /* MainViewController.swift in Sources */,
				9E8082CF2C2CBD91004C65DB /* LoginViewController.swift in Sources */,
				9E8082C92C2CBC9F004C65DB /* AuthViewModel.swift in Sources */,
				9E8082B62C2CBC62004C65DB /* ViewController.swift in Sources */,
				9E8082B22C2CBC62004C65DB /* AppDelegate.swift in Sources */,
				9E8082B42C2CBC62004C65DB /* SceneDelegate.swift in Sources */,
				9E8082CB2C2CBCC7004C65DB /* TokenResponse.swift in Sources */,
			);
			runOnlyForDeploymentPostprocessing = 0;
		};
/* End PBXSourcesBuildPhase section */

/* Begin PBXVariantGroup section */
		9E8082B72C2CBC62004C65DB /* Main.storyboard */ = {
			isa = PBXVariantGroup;
			children = (
				9E8082B82C2CBC62004C65DB /* Base */,
			);
			name = Main.storyboard;
			sourceTree = "<group>";
		};
		9E8082BC2C2CBC64004C65DB /* LaunchScreen.storyboard */ = {
			isa = PBXVariantGroup;
			children = (
				9E8082BD2C2CBC64004C65DB /* Base */,
			);
			name = LaunchScreen.storyboard;
			sourceTree = "<group>";
		};
/* End PBXVariantGroup section */

/* Begin XCBuildConfiguration section */
		9E8082C02C2CBC64004C65DB /* Debug */ = {
			isa = XCBuildConfiguration;
			buildSettings = {
				ALWAYS_SEARCH_USER_PATHS = NO;
				ASSETCATALOG_COMPILER_GENERATE_SWIFT_ASSET_SYMBOL_EXTENSIONS = YES;
				CLANG_ANALYZER_NONNULL = YES;
				CLANG_ANALYZER_NUMBER_OBJECT_CONVERSION = YES_AGGRESSIVE;
				CLANG_CXX_LANGUAGE_STANDARD = "gnu++20";
				CLANG_ENABLE_MODULES = YES;
				CLANG_ENABLE_OBJC_ARC = YES;
				CLANG_ENABLE_OBJC_WEAK = YES;
				CLANG_WARN_BLOCK_CAPTURE_AUTORELEASING = YES;
				CLANG_WARN_BOOL_CONVERSION = YES;
				CLANG_WARN_COMMA = YES;
				CLANG_WARN_CONSTANT_CONVERSION = YES;
				CLANG_WARN_DEPRECATED_OBJC_IMPLEMENTATIONS = YES;
				CLANG_WARN_DIRECT_OBJC_ISA_USAGE = YES_ERROR;
				CLANG_WARN_DOCUMENTATION_COMMENTS = YES;
				CLANG_WARN_EMPTY_BODY = YES;
				CLANG_WARN_ENUM_CONVERSION = YES;
				CLANG_WARN_INFINITE_RECURSION = YES;
				CLANG_WARN_INT_CONVERSION = YES;
				CLANG_WARN_NON_LITERAL_NULL_CONVERSION = YES;
				CLANG_WARN_OBJC_IMPLICIT_RETAIN_SELF = YES;
				CLANG_WARN_OBJC_LITERAL_CONVERSION = YES;
				CLANG_WARN_OBJC_ROOT_CLASS = YES_ERROR;
				CLANG_WARN_QUOTED_INCLUDE_IN_FRAMEWORK_HEADER = YES;
				CLANG_WARN_RANGE_LOOP_ANALYSIS = YES;
				CLANG_WARN_STRICT_PROTOTYPES = YES;
				CLANG_WARN_SUSPICIOUS_MOVE = YES;
				CLANG_WARN_UNGUARDED_AVAILABILITY = YES_AGGRESSIVE;
				CLANG_WARN_UNREACHABLE_CODE = YES;
				CLANG_WARN__DUPLICATE_METHOD_MATCH = YES;
				COPY_PHASE_STRIP = NO;
				DEBUG_INFORMATION_FORMAT = dwarf;
				ENABLE_STRICT_OBJC_MSGSEND = YES;
				ENABLE_TESTABILITY = YES;
				ENABLE_USER_SCRIPT_SANDBOXING = YES;
				GCC_C_LANGUAGE_STANDARD = gnu17;
				GCC_DYNAMIC_NO_PIC = NO;
				GCC_NO_COMMON_BLOCKS = YES;
				GCC_OPTIMIZATION_LEVEL = 0;
				GCC_PREPROCESSOR_DEFINITIONS = (
					"DEBUG=1",
					"$(inherited)",
				);
				GCC_WARN_64_TO_32_BIT_CONVERSION = YES;
				GCC_WARN_ABOUT_RETURN_TYPE = YES_ERROR;
				GCC_WARN_UNDECLARED_SELECTOR = YES;
				GCC_WARN_UNINITIALIZED_AUTOS = YES_AGGRESSIVE;
				GCC_WARN_UNUSED_FUNCTION = YES;
				GCC_WARN_UNUSED_VARIABLE = YES;
				IPHONEOS_DEPLOYMENT_TARGET = 17.5;
				LOCALIZATION_PREFERS_STRING_CATALOGS = YES;
				MTL_ENABLE_DEBUG_INFO = INCLUDE_SOURCE;
				MTL_FAST_MATH = YES;
				ONLY_ACTIVE_ARCH = YES;
				SDKROOT = iphoneos;
				SWIFT_ACTIVE_COMPILATION_CONDITIONS = "DEBUG $(inherited)";
				SWIFT_OPTIMIZATION_LEVEL = "-Onone";
			};
			name = Debug;
		};
		9E8082C12C2CBC64004C65DB /* Release */ = {
			isa = XCBuildConfiguration;
			buildSettings = {
				ALWAYS_SEARCH_USER_PATHS = NO;
				ASSETCATALOG_COMPILER_GENERATE_SWIFT_ASSET_SYMBOL_EXTENSIONS = YES;
				CLANG_ANALYZER_NONNULL = YES;
				CLANG_ANALYZER_NUMBER_OBJECT_CONVERSION = YES_AGGRESSIVE;
				CLANG_CXX_LANGUAGE_STANDARD = "gnu++20";
				CLANG_ENABLE_MODULES = YES;
				CLANG_ENABLE_OBJC_ARC = YES;
				CLANG_ENABLE_OBJC_WEAK = YES;
				CLANG_WARN_BLOCK_CAPTURE_AUTORELEASING = YES;
				CLANG_WARN_BOOL_CONVERSION = YES;
				CLANG_WARN_COMMA = YES;
				CLANG_WARN_CONSTANT_CONVERSION = YES;
				CLANG_WARN_DEPRECATED_OBJC_IMPLEMENTATIONS = YES;
				CLANG_WARN_DIRECT_OBJC_ISA_USAGE = YES_ERROR;
				CLANG_WARN_DOCUMENTATION_COMMENTS = YES;
				CLANG_WARN_EMPTY_BODY = YES;
				CLANG_WARN_ENUM_CONVERSION = YES;
				CLANG_WARN_INFINITE_RECURSION = YES;
				CLANG_WARN_INT_CONVERSION = YES;
				CLANG_WARN_NON_LITERAL_NULL_CONVERSION = YES;
				CLANG_WARN_OBJC_IMPLICIT_RETAIN_SELF = YES;
				CLANG_WARN_OBJC_LITERAL_CONVERSION = YES;
				CLANG_WARN_OBJC_ROOT_CLASS = YES_ERROR;
				CLANG_WARN_QUOTED_INCLUDE_IN_FRAMEWORK_HEADER = YES;
				CLANG_WARN_RANGE_LOOP_ANALYSIS = YES;
				CLANG_WARN_STRICT_PROTOTYPES = YES;
				CLANG_WARN_SUSPICIOUS_MOVE = YES;
				CLANG_WARN_UNGUARDED_AVAILABILITY = YES_AGGRESSIVE;
				CLANG_WARN_UNREACHABLE_CODE = YES;
				CLANG_WARN__DUPLICATE_METHOD_MATCH = YES;
				COPY_PHASE_STRIP = NO;
				DEBUG_INFORMATION_FORMAT = "dwarf-with-dsym";
				ENABLE_NS_ASSERTIONS = NO;
				ENABLE_STRICT_OBJC_MSGSEND = YES;
				ENABLE_USER_SCRIPT_SANDBOXING = YES;
				GCC_C_LANGUAGE_STANDARD = gnu17;
				GCC_NO_COMMON_BLOCKS = YES;
				GCC_WARN_64_TO_32_BIT_CONVERSION = YES;
				GCC_WARN_ABOUT_RETURN_TYPE = YES_ERROR;
				GCC_WARN_UNDECLARED_SELECTOR = YES;
				GCC_WARN_UNINITIALIZED_AUTOS = YES_AGGRESSIVE;
				GCC_WARN_UNUSED_FUNCTION = YES;
				GCC_WARN_UNUSED_VARIABLE = YES;
				IPHONEOS_DEPLOYMENT_TARGET = 17.5;
				LOCALIZATION_PREFERS_STRING_CATALOGS = YES;
				MTL_ENABLE_DEBUG_INFO = NO;
				MTL_FAST_MATH = YES;
				SDKROOT = iphoneos;
				SWIFT_COMPILATION_MODE = wholemodule;
				VALIDATE_PRODUCT = YES;
			};
			name = Release;
		};
		9E8082C32C2CBC64004C65DB /* Debug */ = {
			isa = XCBuildConfiguration;
			buildSettings = {
				ASSETCATALOG_COMPILER_APPICON_NAME = AppIcon;
				ASSETCATALOG_COMPILER_GLOBAL_ACCENT_COLOR_NAME = AccentColor;
				CODE_SIGN_STYLE = Automatic;
				CURRENT_PROJECT_VERSION = 1;
				DEVELOPMENT_TEAM = ZDYWZZT636;
				GENERATE_INFOPLIST_FILE = YES;
				INFOPLIST_FILE = LoginTest/Info.plist;
				INFOPLIST_KEY_UIApplicationSupportsIndirectInputEvents = YES;
				INFOPLIST_KEY_UILaunchStoryboardName = LaunchScreen;
				INFOPLIST_KEY_UIMainStoryboardFile = Main;
				INFOPLIST_KEY_UISupportedInterfaceOrientations_iPad = "UIInterfaceOrientationPortrait UIInterfaceOrientationPortraitUpsideDown UIInterfaceOrientationLandscapeLeft UIInterfaceOrientationLandscapeRight";
				INFOPLIST_KEY_UISupportedInterfaceOrientations_iPhone = "UIInterfaceOrientationPortrait UIInterfaceOrientationLandscapeLeft UIInterfaceOrientationLandscapeRight";
				LD_RUNPATH_SEARCH_PATHS = (
					"$(inherited)",
					"@executable_path/Frameworks",
				);
				MARKETING_VERSION = 1.0;
				PRODUCT_BUNDLE_IDENTIFIER = com.saturncode.LoginTest;
				PRODUCT_NAME = "$(TARGET_NAME)";
				SWIFT_EMIT_LOC_STRINGS = YES;
				SWIFT_VERSION = 5.0;
				TARGETED_DEVICE_FAMILY = "1,2";
			};
			name = Debug;
		};
		9E8082C42C2CBC64004C65DB /* Release */ = {
			isa = XCBuildConfiguration;
			buildSettings = {
				ASSETCATALOG_COMPILER_APPICON_NAME = AppIcon;
				ASSETCATALOG_COMPILER_GLOBAL_ACCENT_COLOR_NAME = AccentColor;
				CODE_SIGN_STYLE = Automatic;
				CURRENT_PROJECT_VERSION = 1;
				DEVELOPMENT_TEAM = ZDYWZZT636;
				GENERATE_INFOPLIST_FILE = YES;
				INFOPLIST_FILE = LoginTest/Info.plist;
				INFOPLIST_KEY_UIApplicationSupportsIndirectInputEvents = YES;
				INFOPLIST_KEY_UILaunchStoryboardName = LaunchScreen;
				INFOPLIST_KEY_UIMainStoryboardFile = Main;
				INFOPLIST_KEY_UISupportedInterfaceOrientations_iPad = "UIInterfaceOrientationPortrait UIInterfaceOrientationPortraitUpsideDown UIInterfaceOrientationLandscapeLeft UIInterfaceOrientationLandscapeRight";
				INFOPLIST_KEY_UISupportedInterfaceOrientations_iPhone = "UIInterfaceOrientationPortrait UIInterfaceOrientationLandscapeLeft UIInterfaceOrientationLandscapeRight";
				LD_RUNPATH_SEARCH_PATHS = (
					"$(inherited)",
					"@executable_path/Frameworks",
				);
				MARKETING_VERSION = 1.0;
				PRODUCT_BUNDLE_IDENTIFIER = com.saturncode.LoginTest;
				PRODUCT_NAME = "$(TARGET_NAME)";
				SWIFT_EMIT_LOC_STRINGS = YES;
				SWIFT_VERSION = 5.0;
				TARGETED_DEVICE_FAMILY = "1,2";
			};
			name = Release;
		};
/* End XCBuildConfiguration section */

/* Begin XCConfigurationList section */
		9E8082A92C2CBC62004C65DB /* Build configuration list for PBXProject "LoginTest" */ = {
			isa = XCConfigurationList;
			buildConfigurations = (
				9E8082C02C2CBC64004C65DB /* Debug */,
				9E8082C12C2CBC64004C65DB /* Release */,
			);
			defaultConfigurationIsVisible = 0;
			defaultConfigurationName = Release;
		};
		9E8082C22C2CBC64004C65DB /* Build configuration list for PBXNativeTarget "LoginTest" */ = {
			isa = XCConfigurationList;
			buildConfigurations = (
				9E8082C32C2CBC64004C65DB /* Debug */,
				9E8082C42C2CBC64004C65DB /* Release */,
			);
			defaultConfigurationIsVisible = 0;
			defaultConfigurationName = Release;
		};
/* End XCConfigurationList section */

/* Begin XCRemoteSwiftPackageReference section */
		9E8082C52C2CBC7E004C65DB /* XCRemoteSwiftPackageReference "KeychainAccess" */ = {
			isa = XCRemoteSwiftPackageReference;
			repositoryURL = "https://github.com/kishikawakatsumi/KeychainAccess";
			requirement = {
				branch = master;
				kind = branch;
			};
		};
/* End XCRemoteSwiftPackageReference section */

/* Begin XCSwiftPackageProductDependency section */
		9E8082C62C2CBC7F004C65DB /* KeychainAccess */ = {
			isa = XCSwiftPackageProductDependency;
			package = 9E8082C52C2CBC7E004C65DB /* XCRemoteSwiftPackageReference "KeychainAccess" */;
			productName = KeychainAccess;
		};
/* End XCSwiftPackageProductDependency section */
	};
	rootObject = 9E8082A62C2CBC62004C65DB /* Project object */;
}
